# THIS IS AN AUTOGENERATED FILE. DO NOT EDIT THIS FILE DIRECTLY.
# yarn lockfile v1


country-list@^2.2.0:
  version "2.2.0"
  resolved "https://registry.yarnpkg.com/country-list/-/country-list-2.2.0.tgz#e248338cafb97b2d86cf0784a25dceb4d52054d1"
  integrity sha512-AS21pllCp72LmUztqXPVKXK3TRyap1XlohGLqN04cXH2rFB9vo7SnH5sMnqltZPnu9ie/x1se3UuCZJbGXErfw==

iso-639-1@^2.1.4:
  version "2.1.4"
  resolved "https://registry.yarnpkg.com/iso-639-1/-/iso-639-1-2.1.4.tgz#c08b3d43a1c18945b05e26a257991ae6e36693ee"
  integrity sha512-pwJRHnpz1sCR5saQ+Hm1E2YESw2eLGKP5TzsYKXuQ7SIfvKWMRb9CHhptqunYpCIcRCpq3LgLuhYG5hiLPRbFQ==
